// !$*UTF8*$!
{
	archiveVersion = 1;
	classes = {
	};
	objectVersion = 46;
	objects = {

/* Begin PBXBuildFile section */
		67294E311EC93DA000910D6E /* MochiDeadlockLogger.m in Sources */ = {isa = PBXBuildFile; fileRef = 67294E301EC93D9F00910D6E /* MochiDeadlockLogger.m */; };
		674080C21ED50DB70093D987 /* Protobuf.framework in Frameworks */ = {isa = PBXBuildFile; fileRef = 674080C11ED50DB70093D987 /* Protobuf.framework */; };
		674080C81ED56C880093D987 /* Protobuf.framework in CopyFiles */ = {isa = PBXBuildFile; fileRef = 674080C11ED50DB70093D987 /* Protobuf.framework */; settings = {ATTRIBUTES = (CodeSignOnCopy, RemoveHeadersOnCopy, ); }; };
		674080DD1ED8D4800093D987 /* MochiTapGestureRecognizer.m in Sources */ = {isa = PBXBuildFile; fileRef = 674080DC1ED8D4800093D987 /* MochiTapGestureRecognizer.m */; };
		674080E31EDA4D480093D987 /* MochiTouchController.m in Sources */ = {isa = PBXBuildFile; fileRef = 674080E21EDA4D480093D987 /* MochiTouchController.m */; };
		674080E61EDC7EF80093D987 /* MochiProtobuf.m in Sources */ = {isa = PBXBuildFile; fileRef = 674080E51EDC7EF80093D987 /* MochiProtobuf.m */; };
		6740812D1EDDE5560093D987 /* Button.pbobjc.m in Sources */ = {isa = PBXBuildFile; fileRef = 6740811E1EDDE5560093D987 /* Button.pbobjc.m */; settings = {COMPILER_FLAGS = "-fno-objc-arc"; }; };
		6740812E1EDDE5560093D987 /* Imageview.pbobjc.m in Sources */ = {isa = PBXBuildFile; fileRef = 674081201EDDE5560093D987 /* Imageview.pbobjc.m */; settings = {COMPILER_FLAGS = "-fno-objc-arc"; }; };
		6740812F1EDDE5560093D987 /* Layout.pbobjc.m in Sources */ = {isa = PBXBuildFile; fileRef = 674081221EDDE5560093D987 /* Layout.pbobjc.m */; settings = {COMPILER_FLAGS = "-fno-objc-arc"; }; };
		674081301EDDE5560093D987 /* Paint.pbobjc.m in Sources */ = {isa = PBXBuildFile; fileRef = 674081241EDDE5560093D987 /* Paint.pbobjc.m */; settings = {COMPILER_FLAGS = "-fno-objc-arc"; }; };
		674081311EDDE5560093D987 /* Scrollview.pbobjc.m in Sources */ = {isa = PBXBuildFile; fileRef = 674081261EDDE5560093D987 /* Scrollview.pbobjc.m */; settings = {COMPILER_FLAGS = "-fno-objc-arc"; }; };
		674081321EDDE5560093D987 /* Text.pbobjc.m in Sources */ = {isa = PBXBuildFile; fileRef = 674081281EDDE5560093D987 /* Text.pbobjc.m */; settings = {COMPILER_FLAGS = "-fno-objc-arc"; }; };
		674081331EDDE5560093D987 /* Touch.pbobjc.m in Sources */ = {isa = PBXBuildFile; fileRef = 6740812A1EDDE5560093D987 /* Touch.pbobjc.m */; settings = {COMPILER_FLAGS = "-fno-objc-arc"; }; };
		674081341EDDE5560093D987 /* View.pbobjc.m in Sources */ = {isa = PBXBuildFile; fileRef = 6740812C1EDDE5560093D987 /* View.pbobjc.m */; settings = {COMPILER_FLAGS = "-fno-objc-arc"; }; };
		674081371EDE05E00093D987 /* MochiPressGestureRecognizer.m in Sources */ = {isa = PBXBuildFile; fileRef = 674081361EDE05E00093D987 /* MochiPressGestureRecognizer.m */; };
		67608AC71EA8545600AE2EC7 /* MochiRoot.m in Sources */ = {isa = PBXBuildFile; fileRef = 67608AC61EA8545600AE2EC7 /* MochiRoot.m */; };
		676EF4CD1E8E341800C1488A /* main.m in Sources */ = {isa = PBXBuildFile; fileRef = 676EF4CC1E8E341800C1488A /* main.m */; };
		676EF4D01E8E341900C1488A /* AppDelegate.m in Sources */ = {isa = PBXBuildFile; fileRef = 676EF4CF1E8E341900C1488A /* AppDelegate.m */; };
		676EF4D81E8E341900C1488A /* Assets.xcassets in Resources */ = {isa = PBXBuildFile; fileRef = 676EF4D71E8E341900C1488A /* Assets.xcassets */; };
		676EF4DB1E8E341900C1488A /* LaunchScreen.storyboard in Resources */ = {isa = PBXBuildFile; fileRef = 676EF4D91E8E341900C1488A /* LaunchScreen.storyboard */; };
		676EF4E41E8E34E300C1488A /* ViewController.m in Sources */ = {isa = PBXBuildFile; fileRef = 676EF4E31E8E34E300C1488A /* ViewController.m */; };
		676EF4F01E8ECF2700C1488A /* MochiViewController.m in Sources */ = {isa = PBXBuildFile; fileRef = 676EF4EF1E8ECF2700C1488A /* MochiViewController.m */; };
		676EF4F41E8ECF5D00C1488A /* MochiView.m in Sources */ = {isa = PBXBuildFile; fileRef = 676EF4F31E8ECF5D00C1488A /* MochiView.m */; };
		676EF4F71E8ED68800C1488A /* MochiBridge.m in Sources */ = {isa = PBXBuildFile; fileRef = 676EF4F61E8ED68800C1488A /* MochiBridge.m */; };
		676EF4FA1E8F19A500C1488A /* MochiNode.m in Sources */ = {isa = PBXBuildFile; fileRef = 676EF4F91E8F19A500C1488A /* MochiNode.m */; };
		677830F91EDFF2A4009D9D7F /* MochiTabBarController.m in Sources */ = {isa = PBXBuildFile; fileRef = 677830F81EDFF2A4009D9D7F /* MochiTabBarController.m */; };
		67D89E211ED4AE1E0063A1E2 /* Mochi.framework in Frameworks */ = {isa = PBXBuildFile; fileRef = 67608AC31EA7EB5E00AE2EC7 /* Mochi.framework */; };
/* End PBXBuildFile section */

/* Begin PBXCopyFilesBuildPhase section */
		674080C61ED56C690093D987 /* CopyFiles */ = {
			isa = PBXCopyFilesBuildPhase;
			buildActionMask = 2147483647;
			dstPath = "";
			dstSubfolderSpec = 10;
			files = (
				674080C81ED56C880093D987 /* Protobuf.framework in CopyFiles */,
			);
			runOnlyForDeploymentPostprocessing = 0;
		};
/* End PBXCopyFilesBuildPhase section */

/* Begin PBXFileReference section */
		67294E2F1EC93D9F00910D6E /* MochiDeadlockLogger.h */ = {isa = PBXFileReference; fileEncoding = 4; lastKnownFileType = sourcecode.c.h; path = MochiDeadlockLogger.h; sourceTree = "<group>"; };
		67294E301EC93D9F00910D6E /* MochiDeadlockLogger.m */ = {isa = PBXFileReference; fileEncoding = 4; lastKnownFileType = sourcecode.c.objc; path = MochiDeadlockLogger.m; sourceTree = "<group>"; };
		674080C11ED50DB70093D987 /* Protobuf.framework */ = {isa = PBXFileReference; lastKnownFileType = wrapper.framework; name = Protobuf.framework; path = "../../../../../../../../Library/Developer/Xcode/DerivedData/Mochi-golgwzqwibyynlcwpuxsrmkwyenm/Build/Products/Debug-iphoneos/Protobuf.framework"; sourceTree = "<group>"; };
		674080DB1ED8D4800093D987 /* MochiTapGestureRecognizer.h */ = {isa = PBXFileReference; fileEncoding = 4; lastKnownFileType = sourcecode.c.h; path = MochiTapGestureRecognizer.h; sourceTree = "<group>"; };
		674080DC1ED8D4800093D987 /* MochiTapGestureRecognizer.m */ = {isa = PBXFileReference; fileEncoding = 4; lastKnownFileType = sourcecode.c.objc; path = MochiTapGestureRecognizer.m; sourceTree = "<group>"; };
		674080E11EDA4D480093D987 /* MochiTouchController.h */ = {isa = PBXFileReference; fileEncoding = 4; lastKnownFileType = sourcecode.c.h; path = MochiTouchController.h; sourceTree = "<group>"; };
		674080E21EDA4D480093D987 /* MochiTouchController.m */ = {isa = PBXFileReference; fileEncoding = 4; lastKnownFileType = sourcecode.c.objc; path = MochiTouchController.m; sourceTree = "<group>"; };
		674080E41EDA9F6A0093D987 /* MochiProtobuf.h */ = {isa = PBXFileReference; lastKnownFileType = sourcecode.c.h; path = MochiProtobuf.h; sourceTree = "<group>"; };
		674080E51EDC7EF80093D987 /* MochiProtobuf.m */ = {isa = PBXFileReference; fileEncoding = 4; lastKnownFileType = sourcecode.c.objc; path = MochiProtobuf.m; sourceTree = "<group>"; };
		6740811D1EDDE5560093D987 /* Button.pbobjc.h */ = {isa = PBXFileReference; fileEncoding = 4; lastKnownFileType = sourcecode.c.h; path = Button.pbobjc.h; sourceTree = "<group>"; };
		6740811E1EDDE5560093D987 /* Button.pbobjc.m */ = {isa = PBXFileReference; fileEncoding = 4; lastKnownFileType = sourcecode.c.objc; path = Button.pbobjc.m; sourceTree = "<group>"; };
		6740811F1EDDE5560093D987 /* Imageview.pbobjc.h */ = {isa = PBXFileReference; fileEncoding = 4; lastKnownFileType = sourcecode.c.h; path = Imageview.pbobjc.h; sourceTree = "<group>"; };
		674081201EDDE5560093D987 /* Imageview.pbobjc.m */ = {isa = PBXFileReference; fileEncoding = 4; lastKnownFileType = sourcecode.c.objc; path = Imageview.pbobjc.m; sourceTree = "<group>"; };
		674081211EDDE5560093D987 /* Layout.pbobjc.h */ = {isa = PBXFileReference; fileEncoding = 4; lastKnownFileType = sourcecode.c.h; path = Layout.pbobjc.h; sourceTree = "<group>"; };
		674081221EDDE5560093D987 /* Layout.pbobjc.m */ = {isa = PBXFileReference; fileEncoding = 4; lastKnownFileType = sourcecode.c.objc; path = Layout.pbobjc.m; sourceTree = "<group>"; };
		674081231EDDE5560093D987 /* Paint.pbobjc.h */ = {isa = PBXFileReference; fileEncoding = 4; lastKnownFileType = sourcecode.c.h; path = Paint.pbobjc.h; sourceTree = "<group>"; };
		674081241EDDE5560093D987 /* Paint.pbobjc.m */ = {isa = PBXFileReference; fileEncoding = 4; lastKnownFileType = sourcecode.c.objc; path = Paint.pbobjc.m; sourceTree = "<group>"; };
		674081251EDDE5560093D987 /* Scrollview.pbobjc.h */ = {isa = PBXFileReference; fileEncoding = 4; lastKnownFileType = sourcecode.c.h; path = Scrollview.pbobjc.h; sourceTree = "<group>"; };
		674081261EDDE5560093D987 /* Scrollview.pbobjc.m */ = {isa = PBXFileReference; fileEncoding = 4; lastKnownFileType = sourcecode.c.objc; path = Scrollview.pbobjc.m; sourceTree = "<group>"; };
		674081271EDDE5560093D987 /* Text.pbobjc.h */ = {isa = PBXFileReference; fileEncoding = 4; lastKnownFileType = sourcecode.c.h; path = Text.pbobjc.h; sourceTree = "<group>"; };
		674081281EDDE5560093D987 /* Text.pbobjc.m */ = {isa = PBXFileReference; fileEncoding = 4; lastKnownFileType = sourcecode.c.objc; path = Text.pbobjc.m; sourceTree = "<group>"; };
		674081291EDDE5560093D987 /* Touch.pbobjc.h */ = {isa = PBXFileReference; fileEncoding = 4; lastKnownFileType = sourcecode.c.h; path = Touch.pbobjc.h; sourceTree = "<group>"; };
		6740812A1EDDE5560093D987 /* Touch.pbobjc.m */ = {isa = PBXFileReference; fileEncoding = 4; lastKnownFileType = sourcecode.c.objc; path = Touch.pbobjc.m; sourceTree = "<group>"; };
		6740812B1EDDE5560093D987 /* View.pbobjc.h */ = {isa = PBXFileReference; fileEncoding = 4; lastKnownFileType = sourcecode.c.h; path = View.pbobjc.h; sourceTree = "<group>"; };
		6740812C1EDDE5560093D987 /* View.pbobjc.m */ = {isa = PBXFileReference; fileEncoding = 4; lastKnownFileType = sourcecode.c.objc; path = View.pbobjc.m; sourceTree = "<group>"; };
		674081351EDE05E00093D987 /* MochiPressGestureRecognizer.h */ = {isa = PBXFileReference; fileEncoding = 4; lastKnownFileType = sourcecode.c.h; path = MochiPressGestureRecognizer.h; sourceTree = "<group>"; };
		674081361EDE05E00093D987 /* MochiPressGestureRecognizer.m */ = {isa = PBXFileReference; fileEncoding = 4; lastKnownFileType = sourcecode.c.objc; path = MochiPressGestureRecognizer.m; sourceTree = "<group>"; };
		67608AC31EA7EB5E00AE2EC7 /* Mochi.framework */ = {isa = PBXFileReference; lastKnownFileType = wrapper.framework; path = Mochi.framework; sourceTree = "<group>"; };
		67608AC51EA8545600AE2EC7 /* MochiRoot.h */ = {isa = PBXFileReference; fileEncoding = 4; lastKnownFileType = sourcecode.c.h; path = MochiRoot.h; sourceTree = "<group>"; };
		67608AC61EA8545600AE2EC7 /* MochiRoot.m */ = {isa = PBXFileReference; fileEncoding = 4; lastKnownFileType = sourcecode.c.objc; path = MochiRoot.m; sourceTree = "<group>"; };
		676EF4C81E8E341800C1488A /* basic.app */ = {isa = PBXFileReference; explicitFileType = wrapper.application; includeInIndex = 0; path = basic.app; sourceTree = BUILT_PRODUCTS_DIR; };
		676EF4CC1E8E341800C1488A /* main.m */ = {isa = PBXFileReference; lastKnownFileType = sourcecode.c.objc; path = main.m; sourceTree = "<group>"; };
		676EF4CE1E8E341900C1488A /* AppDelegate.h */ = {isa = PBXFileReference; lastKnownFileType = sourcecode.c.h; path = AppDelegate.h; sourceTree = "<group>"; };
		676EF4CF1E8E341900C1488A /* AppDelegate.m */ = {isa = PBXFileReference; lastKnownFileType = sourcecode.c.objc; path = AppDelegate.m; sourceTree = "<group>"; };
		676EF4D71E8E341900C1488A /* Assets.xcassets */ = {isa = PBXFileReference; lastKnownFileType = folder.assetcatalog; path = Assets.xcassets; sourceTree = "<group>"; };
		676EF4DA1E8E341900C1488A /* Base */ = {isa = PBXFileReference; lastKnownFileType = file.storyboard; name = Base; path = Base.lproj/LaunchScreen.storyboard; sourceTree = "<group>"; };
		676EF4DC1E8E341900C1488A /* Info.plist */ = {isa = PBXFileReference; lastKnownFileType = text.plist.xml; path = Info.plist; sourceTree = "<group>"; };
		676EF4E21E8E34E300C1488A /* ViewController.h */ = {isa = PBXFileReference; fileEncoding = 4; lastKnownFileType = sourcecode.c.h; path = ViewController.h; sourceTree = "<group>"; };
		676EF4E31E8E34E300C1488A /* ViewController.m */ = {isa = PBXFileReference; fileEncoding = 4; lastKnownFileType = sourcecode.c.objc; path = ViewController.m; sourceTree = "<group>"; };
		676EF4EE1E8ECF2700C1488A /* MochiViewController.h */ = {isa = PBXFileReference; fileEncoding = 4; lastKnownFileType = sourcecode.c.h; path = MochiViewController.h; sourceTree = "<group>"; };
		676EF4EF1E8ECF2700C1488A /* MochiViewController.m */ = {isa = PBXFileReference; fileEncoding = 4; lastKnownFileType = sourcecode.c.objc; path = MochiViewController.m; sourceTree = "<group>"; };
		676EF4F21E8ECF5D00C1488A /* MochiView.h */ = {isa = PBXFileReference; fileEncoding = 4; lastKnownFileType = sourcecode.c.h; path = MochiView.h; sourceTree = "<group>"; };
		676EF4F31E8ECF5D00C1488A /* MochiView.m */ = {isa = PBXFileReference; fileEncoding = 4; lastKnownFileType = sourcecode.c.objc; path = MochiView.m; sourceTree = "<group>"; };
		676EF4F51E8ED68800C1488A /* MochiBridge.h */ = {isa = PBXFileReference; fileEncoding = 4; lastKnownFileType = sourcecode.c.h; path = MochiBridge.h; sourceTree = "<group>"; };
		676EF4F61E8ED68800C1488A /* MochiBridge.m */ = {isa = PBXFileReference; fileEncoding = 4; lastKnownFileType = sourcecode.c.objc; path = MochiBridge.m; sourceTree = "<group>"; };
		676EF4F81E8F19A500C1488A /* MochiNode.h */ = {isa = PBXFileReference; fileEncoding = 4; lastKnownFileType = sourcecode.c.h; path = MochiNode.h; sourceTree = "<group>"; };
		676EF4F91E8F19A500C1488A /* MochiNode.m */ = {isa = PBXFileReference; fileEncoding = 4; lastKnownFileType = sourcecode.c.objc; path = MochiNode.m; sourceTree = "<group>"; };
		677830F71EDFF2A4009D9D7F /* MochiTabBarController.h */ = {isa = PBXFileReference; fileEncoding = 4; lastKnownFileType = sourcecode.c.h; path = MochiTabBarController.h; sourceTree = "<group>"; };
		677830F81EDFF2A4009D9D7F /* MochiTabBarController.m */ = {isa = PBXFileReference; fileEncoding = 4; lastKnownFileType = sourcecode.c.objc; path = MochiTabBarController.m; sourceTree = "<group>"; };
/* End PBXFileReference section */

/* Begin PBXFrameworksBuildPhase section */
		676EF4C51E8E341800C1488A /* Frameworks */ = {
			isa = PBXFrameworksBuildPhase;
			buildActionMask = 2147483647;
			files = (
				674080C21ED50DB70093D987 /* Protobuf.framework in Frameworks */,
				67D89E211ED4AE1E0063A1E2 /* Mochi.framework in Frameworks */,
			);
			runOnlyForDeploymentPostprocessing = 0;
		};
/* End PBXFrameworksBuildPhase section */

/* Begin PBXGroup section */
		674080DA1ED8D41F0093D987 /* Touch */ = {
			isa = PBXGroup;
			children = (
				674080E11EDA4D480093D987 /* MochiTouchController.h */,
				674080E21EDA4D480093D987 /* MochiTouchController.m */,
				674080DB1ED8D4800093D987 /* MochiTapGestureRecognizer.h */,
				674080DC1ED8D4800093D987 /* MochiTapGestureRecognizer.m */,
				674081351EDE05E00093D987 /* MochiPressGestureRecognizer.h */,
				674081361EDE05E00093D987 /* MochiPressGestureRecognizer.m */,
			);
			name = Touch;
			sourceTree = "<group>";
		};
		674081171EDDE5560093D987 /* protobuf */ = {
			isa = PBXGroup;
			children = (
				674081181EDDE5560093D987 /* github.com */,
			);
			path = protobuf;
			sourceTree = "<group>";
		};
		674081181EDDE5560093D987 /* github.com */ = {
			isa = PBXGroup;
			children = (
				674081191EDDE5560093D987 /* overcyn */,
			);
			path = github.com;
			sourceTree = "<group>";
		};
		674081191EDDE5560093D987 /* overcyn */ = {
			isa = PBXGroup;
			children = (
				6740811A1EDDE5560093D987 /* mochi */,
			);
			path = overcyn;
			sourceTree = "<group>";
		};
		6740811A1EDDE5560093D987 /* mochi */ = {
			isa = PBXGroup;
			children = (
				6740811B1EDDE5560093D987 /* pb */,
			);
			path = mochi;
			sourceTree = "<group>";
		};
		6740811B1EDDE5560093D987 /* pb */ = {
			isa = PBXGroup;
			children = (
				6740811C1EDDE5560093D987 /* button */,
				6740811F1EDDE5560093D987 /* Imageview.pbobjc.h */,
				674081201EDDE5560093D987 /* Imageview.pbobjc.m */,
				674081211EDDE5560093D987 /* Layout.pbobjc.h */,
				674081221EDDE5560093D987 /* Layout.pbobjc.m */,
				674081231EDDE5560093D987 /* Paint.pbobjc.h */,
				674081241EDDE5560093D987 /* Paint.pbobjc.m */,
				674081251EDDE5560093D987 /* Scrollview.pbobjc.h */,
				674081261EDDE5560093D987 /* Scrollview.pbobjc.m */,
				674081271EDDE5560093D987 /* Text.pbobjc.h */,
				674081281EDDE5560093D987 /* Text.pbobjc.m */,
				674081291EDDE5560093D987 /* Touch.pbobjc.h */,
				6740812A1EDDE5560093D987 /* Touch.pbobjc.m */,
				6740812B1EDDE5560093D987 /* View.pbobjc.h */,
				6740812C1EDDE5560093D987 /* View.pbobjc.m */,
			);
			path = pb;
			sourceTree = "<group>";
		};
		6740811C1EDDE5560093D987 /* button */ = {
			isa = PBXGroup;
			children = (
				6740811D1EDDE5560093D987 /* Button.pbobjc.h */,
				6740811E1EDDE5560093D987 /* Button.pbobjc.m */,
			);
			path = button;
			sourceTree = "<group>";
		};
		676EF4BF1E8E341800C1488A = {
			isa = PBXGroup;
			children = (
				676EF4CA1E8E341800C1488A /* basic */,
				676EF4C91E8E341800C1488A /* Products */,
				67D89DCD1ED4A2C30063A1E2 /* Frameworks */,
			);
			sourceTree = "<group>";
		};
		676EF4C91E8E341800C1488A /* Products */ = {
			isa = PBXGroup;
			children = (
				676EF4C81E8E341800C1488A /* basic.app */,
			);
			name = Products;
			sourceTree = "<group>";
		};
		676EF4CA1E8E341800C1488A /* basic */ = {
			isa = PBXGroup;
			children = (
				676EF4CE1E8E341900C1488A /* AppDelegate.h */,
				676EF4CF1E8E341900C1488A /* AppDelegate.m */,
				676EF4E21E8E34E300C1488A /* ViewController.h */,
				676EF4E31E8E34E300C1488A /* ViewController.m */,
				676EF4D71E8E341900C1488A /* Assets.xcassets */,
				676EF4D91E8E341900C1488A /* LaunchScreen.storyboard */,
				676EF4DC1E8E341900C1488A /* Info.plist */,
				676EF4F11E8ECF4400C1488A /* Mochi */,
				676EF4CB1E8E341800C1488A /* Supporting Files */,
			);
			path = basic;
			sourceTree = "<group>";
		};
		676EF4CB1E8E341800C1488A /* Supporting Files */ = {
			isa = PBXGroup;
			children = (
				676EF4CC1E8E341800C1488A /* main.m */,
			);
			name = "Supporting Files";
			sourceTree = "<group>";
		};
		676EF4F11E8ECF4400C1488A /* Mochi */ = {
			isa = PBXGroup;
			children = (
				674081171EDDE5560093D987 /* protobuf */,
				677830F61EDFF236009D9D7F /* Views */,
				674080DA1ED8D41F0093D987 /* Touch */,
				674080E41EDA9F6A0093D987 /* MochiProtobuf.h */,
				674080E51EDC7EF80093D987 /* MochiProtobuf.m */,
				67608AC51EA8545600AE2EC7 /* MochiRoot.h */,
				67608AC61EA8545600AE2EC7 /* MochiRoot.m */,
				676EF4F51E8ED68800C1488A /* MochiBridge.h */,
				676EF4F61E8ED68800C1488A /* MochiBridge.m */,
				676EF4F81E8F19A500C1488A /* MochiNode.h */,
				676EF4F91E8F19A500C1488A /* MochiNode.m */,
				67294E2F1EC93D9F00910D6E /* MochiDeadlockLogger.h */,
				67294E301EC93D9F00910D6E /* MochiDeadlockLogger.m */,
			);
			name = Mochi;
			sourceTree = "<group>";
		};
		677830F61EDFF236009D9D7F /* Views */ = {
			isa = PBXGroup;
			children = (
				676EF4EE1E8ECF2700C1488A /* MochiViewController.h */,
				676EF4EF1E8ECF2700C1488A /* MochiViewController.m */,
				676EF4F21E8ECF5D00C1488A /* MochiView.h */,
				676EF4F31E8ECF5D00C1488A /* MochiView.m */,
				677830F71EDFF2A4009D9D7F /* MochiTabBarController.h */,
				677830F81EDFF2A4009D9D7F /* MochiTabBarController.m */,
			);
			name = Views;
			sourceTree = "<group>";
		};
		67D89DCD1ED4A2C30063A1E2 /* Frameworks */ = {
			isa = PBXGroup;
			children = (
				674080C11ED50DB70093D987 /* Protobuf.framework */,
				67608AC31EA7EB5E00AE2EC7 /* Mochi.framework */,
			);
			name = Frameworks;
			sourceTree = "<group>";
		};
/* End PBXGroup section */

/* Begin PBXNativeTarget section */
		676EF4C71E8E341800C1488A /* basic */ = {
			isa = PBXNativeTarget;
			buildConfigurationList = 676EF4DF1E8E341900C1488A /* Build configuration list for PBXNativeTarget "basic" */;
			buildPhases = (
				676EF4C41E8E341800C1488A /* Sources */,
				676EF4C51E8E341800C1488A /* Frameworks */,
				676EF4C61E8E341800C1488A /* Resources */,
				674080C61ED56C690093D987 /* CopyFiles */,
			);
			buildRules = (
			);
			dependencies = (
			);
			name = basic;
			productName = basic;
			productReference = 676EF4C81E8E341800C1488A /* basic.app */;
			productType = "com.apple.product-type.application";
		};
/* End PBXNativeTarget section */

/* Begin PBXProject section */
		676EF4C01E8E341800C1488A /* Project object */ = {
			isa = PBXProject;
			attributes = {
				LastUpgradeCheck = 0820;
				ORGANIZATIONNAME = Mochi;
				TargetAttributes = {
					676EF4C71E8E341800C1488A = {
						CreatedOnToolsVersion = 8.2.1;
						DevelopmentTeam = SD456Y97K5;
						ProvisioningStyle = Automatic;
					};
				};
			};
			buildConfigurationList = 676EF4C31E8E341800C1488A /* Build configuration list for PBXProject "basic" */;
			compatibilityVersion = "Xcode 3.2";
			developmentRegion = English;
			hasScannedForEncodings = 0;
			knownRegions = (
				en,
				Base,
			);
			mainGroup = 676EF4BF1E8E341800C1488A;
			productRefGroup = 676EF4C91E8E341800C1488A /* Products */;
			projectDirPath = "";
			projectRoot = "";
			targets = (
				676EF4C71E8E341800C1488A /* basic */,
			);
		};
/* End PBXProject section */

/* Begin PBXResourcesBuildPhase section */
		676EF4C61E8E341800C1488A /* Resources */ = {
			isa = PBXResourcesBuildPhase;
			buildActionMask = 2147483647;
			files = (
				676EF4DB1E8E341900C1488A /* LaunchScreen.storyboard in Resources */,
				676EF4D81E8E341900C1488A /* Assets.xcassets in Resources */,
			);
			runOnlyForDeploymentPostprocessing = 0;
		};
/* End PBXResourcesBuildPhase section */

/* Begin PBXSourcesBuildPhase section */
		676EF4C41E8E341800C1488A /* Sources */ = {
			isa = PBXSourcesBuildPhase;
			buildActionMask = 2147483647;
			files = (
				674081321EDDE5560093D987 /* Text.pbobjc.m in Sources */,
				6740812E1EDDE5560093D987 /* Imageview.pbobjc.m in Sources */,
				67608AC71EA8545600AE2EC7 /* MochiRoot.m in Sources */,
				674080E31EDA4D480093D987 /* MochiTouchController.m in Sources */,
				674080DD1ED8D4800093D987 /* MochiTapGestureRecognizer.m in Sources */,
				674081311EDDE5560093D987 /* Scrollview.pbobjc.m in Sources */,
				674081301EDDE5560093D987 /* Paint.pbobjc.m in Sources */,
				676EF4E41E8E34E300C1488A /* ViewController.m in Sources */,
				67294E311EC93DA000910D6E /* MochiDeadlockLogger.m in Sources */,
				6740812F1EDDE5560093D987 /* Layout.pbobjc.m in Sources */,
				676EF4D01E8E341900C1488A /* AppDelegate.m in Sources */,
				676EF4F41E8ECF5D00C1488A /* MochiView.m in Sources */,
				676EF4FA1E8F19A500C1488A /* MochiNode.m in Sources */,
				6740812D1EDDE5560093D987 /* Button.pbobjc.m in Sources */,
				674081331EDDE5560093D987 /* Touch.pbobjc.m in Sources */,
				676EF4F01E8ECF2700C1488A /* MochiViewController.m in Sources */,
				674081341EDDE5560093D987 /* View.pbobjc.m in Sources */,
				674080E61EDC7EF80093D987 /* MochiProtobuf.m in Sources */,
				676EF4F71E8ED68800C1488A /* MochiBridge.m in Sources */,
				677830F91EDFF2A4009D9D7F /* MochiTabBarController.m in Sources */,
				674081371EDE05E00093D987 /* MochiPressGestureRecognizer.m in Sources */,
				676EF4CD1E8E341800C1488A /* main.m in Sources */,
			);
			runOnlyForDeploymentPostprocessing = 0;
		};
/* End PBXSourcesBuildPhase section */

/* Begin PBXVariantGroup section */
		676EF4D91E8E341900C1488A /* LaunchScreen.storyboard */ = {
			isa = PBXVariantGroup;
			children = (
				676EF4DA1E8E341900C1488A /* Base */,
			);
			name = LaunchScreen.storyboard;
			sourceTree = "<group>";
		};
/* End PBXVariantGroup section */

/* Begin XCBuildConfiguration section */
		676EF4DD1E8E341900C1488A /* Debug */ = {
			isa = XCBuildConfiguration;
			buildSettings = {
				ALWAYS_SEARCH_USER_PATHS = NO;
				CLANG_ANALYZER_NONNULL = YES;
				CLANG_CXX_LANGUAGE_STANDARD = "gnu++0x";
				CLANG_CXX_LIBRARY = "libc++";
				CLANG_ENABLE_MODULES = YES;
				CLANG_ENABLE_OBJC_ARC = YES;
				CLANG_WARN_BOOL_CONVERSION = YES;
				CLANG_WARN_CONSTANT_CONVERSION = YES;
				CLANG_WARN_DIRECT_OBJC_ISA_USAGE = YES_ERROR;
				CLANG_WARN_DOCUMENTATION_COMMENTS = YES;
				CLANG_WARN_EMPTY_BODY = YES;
				CLANG_WARN_ENUM_CONVERSION = YES;
				CLANG_WARN_INFINITE_RECURSION = YES;
				CLANG_WARN_INT_CONVERSION = YES;
				CLANG_WARN_OBJC_ROOT_CLASS = YES_ERROR;
				CLANG_WARN_SUSPICIOUS_MOVE = YES;
				CLANG_WARN_UNREACHABLE_CODE = YES;
				CLANG_WARN__DUPLICATE_METHOD_MATCH = YES;
				"CODE_SIGN_IDENTITY[sdk=iphoneos*]" = "iPhone Developer";
				COPY_PHASE_STRIP = NO;
				DEBUG_INFORMATION_FORMAT = dwarf;
				ENABLE_STRICT_OBJC_MSGSEND = YES;
				ENABLE_TESTABILITY = YES;
				GCC_C_LANGUAGE_STANDARD = gnu99;
				GCC_DYNAMIC_NO_PIC = NO;
				GCC_NO_COMMON_BLOCKS = YES;
				GCC_OPTIMIZATION_LEVEL = 0;
				GCC_PREPROCESSOR_DEFINITIONS = (
					"DEBUG=1",
					"$(inherited)",
				);
				GCC_WARN_64_TO_32_BIT_CONVERSION = YES;
				GCC_WARN_ABOUT_RETURN_TYPE = YES_ERROR;
				GCC_WARN_UNDECLARED_SELECTOR = YES;
				GCC_WARN_UNINITIALIZED_AUTOS = YES_AGGRESSIVE;
				GCC_WARN_UNUSED_FUNCTION = YES;
				GCC_WARN_UNUSED_VARIABLE = YES;
				IPHONEOS_DEPLOYMENT_TARGET = 10.2;
				MTL_ENABLE_DEBUG_INFO = YES;
				ONLY_ACTIVE_ARCH = YES;
				SDKROOT = iphoneos;
				TARGETED_DEVICE_FAMILY = "1,2";
			};
			name = Debug;
		};
		676EF4DE1E8E341900C1488A /* Release */ = {
			isa = XCBuildConfiguration;
			buildSettings = {
				ALWAYS_SEARCH_USER_PATHS = NO;
				CLANG_ANALYZER_NONNULL = YES;
				CLANG_CXX_LANGUAGE_STANDARD = "gnu++0x";
				CLANG_CXX_LIBRARY = "libc++";
				CLANG_ENABLE_MODULES = YES;
				CLANG_ENABLE_OBJC_ARC = YES;
				CLANG_WARN_BOOL_CONVERSION = YES;
				CLANG_WARN_CONSTANT_CONVERSION = YES;
				CLANG_WARN_DIRECT_OBJC_ISA_USAGE = YES_ERROR;
				CLANG_WARN_DOCUMENTATION_COMMENTS = YES;
				CLANG_WARN_EMPTY_BODY = YES;
				CLANG_WARN_ENUM_CONVERSION = YES;
				CLANG_WARN_INFINITE_RECURSION = YES;
				CLANG_WARN_INT_CONVERSION = YES;
				CLANG_WARN_OBJC_ROOT_CLASS = YES_ERROR;
				CLANG_WARN_SUSPICIOUS_MOVE = YES;
				CLANG_WARN_UNREACHABLE_CODE = YES;
				CLANG_WARN__DUPLICATE_METHOD_MATCH = YES;
				"CODE_SIGN_IDENTITY[sdk=iphoneos*]" = "iPhone Developer";
				COPY_PHASE_STRIP = NO;
				DEBUG_INFORMATION_FORMAT = "dwarf-with-dsym";
				ENABLE_NS_ASSERTIONS = NO;
				ENABLE_STRICT_OBJC_MSGSEND = YES;
				GCC_C_LANGUAGE_STANDARD = gnu99;
				GCC_NO_COMMON_BLOCKS = YES;
				GCC_WARN_64_TO_32_BIT_CONVERSION = YES;
				GCC_WARN_ABOUT_RETURN_TYPE = YES_ERROR;
				GCC_WARN_UNDECLARED_SELECTOR = YES;
				GCC_WARN_UNINITIALIZED_AUTOS = YES_AGGRESSIVE;
				GCC_WARN_UNUSED_FUNCTION = YES;
				GCC_WARN_UNUSED_VARIABLE = YES;
				IPHONEOS_DEPLOYMENT_TARGET = 10.2;
				MTL_ENABLE_DEBUG_INFO = NO;
				SDKROOT = iphoneos;
				TARGETED_DEVICE_FAMILY = "1,2";
				VALIDATE_PRODUCT = YES;
			};
			name = Release;
		};
		676EF4E01E8E341900C1488A /* Debug */ = {
			isa = XCBuildConfiguration;
			buildSettings = {
				ASSETCATALOG_COMPILER_APPICON_NAME = AppIcon;
				DEVELOPMENT_TEAM = SD456Y97K5;
				ENABLE_BITCODE = NO;
				FRAMEWORK_SEARCH_PATHS = (
					"$(inherited)",
					"$(PROJECT_DIR)",
					"$(PROJECT_DIR)/basic",
				);
				GCC_PREPROCESSOR_DEFINITIONS = (
					"DEBUG=1",
					"$(inherited)",
					"GPB_USE_PROTOBUF_FRAMEWORK_IMPORTS=1",
				);
				HEADER_SEARCH_PATHS = "${SRCROOT}/basic/protobuf";
				INFOPLIST_FILE = basic/Info.plist;
				LD_RUNPATH_SEARCH_PATHS = "$(inherited) @executable_path/Frameworks";
				PRODUCT_BUNDLE_IDENTIFIER = com.overcyn.basic;
				PRODUCT_NAME = "$(TARGET_NAME)";
			};
			name = Debug;
		};
		676EF4E11E8E341900C1488A /* Release */ = {
			isa = XCBuildConfiguration;
			buildSettings = {
				ASSETCATALOG_COMPILER_APPICON_NAME = AppIcon;
				DEVELOPMENT_TEAM = SD456Y97K5;
				ENABLE_BITCODE = NO;
				FRAMEWORK_SEARCH_PATHS = (
					"$(inherited)",
					"$(PROJECT_DIR)",
					"$(PROJECT_DIR)/basic",
				);
				GCC_PREPROCESSOR_DEFINITIONS = "GPB_USE_PROTOBUF_FRAMEWORK_IMPORTS=1";
				HEADER_SEARCH_PATHS = "${SRCROOT}/basic/protobuf";
				INFOPLIST_FILE = basic/Info.plist;
				LD_RUNPATH_SEARCH_PATHS = "$(inherited) @executable_path/Frameworks";
				PRODUCT_BUNDLE_IDENTIFIER = com.overcyn.basic;
				PRODUCT_NAME = "$(TARGET_NAME)";
			};
			name = Release;
		};
/* End XCBuildConfiguration section */

/* Begin XCConfigurationList section */
		676EF4C31E8E341800C1488A /* Build configuration list for PBXProject "basic" */ = {
			isa = XCConfigurationList;
			buildConfigurations = (
				676EF4DD1E8E341900C1488A /* Debug */,
				676EF4DE1E8E341900C1488A /* Release */,
			);
			defaultConfigurationIsVisible = 0;
			defaultConfigurationName = Release;
		};
		676EF4DF1E8E341900C1488A /* Build configuration list for PBXNativeTarget "basic" */ = {
			isa = XCConfigurationList;
			buildConfigurations = (
				676EF4E01E8E341900C1488A /* Debug */,
				676EF4E11E8E341900C1488A /* Release */,
			);
			defaultConfigurationIsVisible = 0;
			defaultConfigurationName = Release;
		};
/* End XCConfigurationList section */
	};
	rootObject = 676EF4C01E8E341800C1488A /* Project object */;
}
